
Microsoft Visual Studio Solution File, Format Version 12.00
# Visual Studio Version 16
VisualStudioVersion = 16.0.29020.237
MinimumVisualStudioVersion = 10.0.40219.1
Project("{FAE04EC0-301F-11D3-BF4B-00C04F79EFBC}") = "recipeapi", "recipeapi\recipeapi.csproj", "{879091E3-1B73-4F33-AA19-0F4BE0F0EAAB}"
EndProject
Global
	GlobalSection(SolutionConfigurationPlatforms) = preSolution
		Debug|Any CPU = Debug|Any CPU
		Release|Any CPU = Release|Any CPU
	EndGlobalSection
	GlobalSection(ProjectConfigurationPlatforms) = postSolution
		{879091E3-1B73-4F33-AA19-0F4BE0F0EAAB}.Debug|Any CPU.ActiveCfg = Debug|Any CPU
		{879091E3-1B73-4F33-AA19-0F4BE0F0EAAB}.Debug|Any CPU.Build.0 = Debug|Any CPU
		{879091E3-1B73-4F33-AA19-0F4BE0F0EAAB}.Release|Any CPU.ActiveCfg = Release|Any CPU
		{879091E3-1B73-4F33-AA19-0F4BE0F0EAAB}.Release|Any CPU.Build.0 = Release|Any CPU
	EndGlobalSection
	GlobalSection(SolutionProperties) = preSolution
		HideSolutionNode = FALSE
	EndGlobalSection
	GlobalSection(ExtensibilityGlobals) = postSolution
		SolutionGuid = {272F9208-9794-480A-A32F-6EC2F721F3F1}
	EndGlobalSection
EndGlobal
